
Microsoft Visual Studio Solution File, Format Version 12.00
# Visual Studio Version 17
VisualStudioVersion = 17.7.34221.43
MinimumVisualStudioVersion = 10.0.40219.1
Project("{9A19103F-16F7-4668-BE54-9A1E7A4F7556}") = "bulkey.DataAccess", "bulkey.DataAccess\bulkey.DataAccess.csproj", "{72CBDD45-98E4-43BA-8181-10178C7C1BE7}"
EndProject
Project("{9A19103F-16F7-4668-BE54-9A1E7A4F7556}") = "bulkey.Models", "bulkey.Models\bulkey.Models.csproj", "{BD09E823-8F62-40AD-A9B4-89084C0130BB}"
EndProject
Project("{9A19103F-16F7-4668-BE54-9A1E7A4F7556}") = "bulkey.Utility", "bulkey.Utility\bulkey.Utility.csproj", "{73294A41-E989-4ABD-940B-9A3D711D16D0}"
EndProject
Project("{9A19103F-16F7-4668-BE54-9A1E7A4F7556}") = "bulkeyweb", "bulkeyweb\bulkeyweb.csproj", "{D20E206D-AC2A-4C1C-A750-B675EB5B91BF}"
EndProject
Global
	GlobalSection(SolutionConfigurationPlatforms) = preSolution
		Debug|Any CPU = Debug|Any CPU
		Release|Any CPU = Release|Any CPU
	EndGlobalSection
	GlobalSection(ProjectConfigurationPlatforms) = postSolution
		{72CBDD45-98E4-43BA-8181-10178C7C1BE7}.Debug|Any CPU.ActiveCfg = Debug|Any CPU
		{72CBDD45-98E4-43BA-8181-10178C7C1BE7}.Debug|Any CPU.Build.0 = Debug|Any CPU
		{72CBDD45-98E4-43BA-8181-10178C7C1BE7}.Release|Any CPU.ActiveCfg = Release|Any CPU
		{72CBDD45-98E4-43BA-8181-10178C7C1BE7}.Release|Any CPU.Build.0 = Release|Any CPU
		{BD09E823-8F62-40AD-A9B4-89084C0130BB}.Debug|Any CPU.ActiveCfg = Debug|Any CPU
		{BD09E823-8F62-40AD-A9B4-89084C0130BB}.Debug|Any CPU.Build.0 = Debug|Any CPU
		{BD09E823-8F62-40AD-A9B4-89084C0130BB}.Release|Any CPU.ActiveCfg = Release|Any CPU
		{BD09E823-8F62-40AD-A9B4-89084C0130BB}.Release|Any CPU.Build.0 = Release|Any CPU
		{73294A41-E989-4ABD-940B-9A3D711D16D0}.Debug|Any CPU.ActiveCfg = Debug|Any CPU
		{73294A41-E989-4ABD-940B-9A3D711D16D0}.Debug|Any CPU.Build.0 = Debug|Any CPU
		{73294A41-E989-4ABD-940B-9A3D711D16D0}.Release|Any CPU.ActiveCfg = Release|Any CPU
		{73294A41-E989-4ABD-940B-9A3D711D16D0}.Release|Any CPU.Build.0 = Release|Any CPU
		{D20E206D-AC2A-4C1C-A750-B675EB5B91BF}.Debug|Any CPU.ActiveCfg = Debug|Any CPU
		{D20E206D-AC2A-4C1C-A750-B675EB5B91BF}.Debug|Any CPU.Build.0 = Debug|Any CPU
		{D20E206D-AC2A-4C1C-A750-B675EB5B91BF}.Release|Any CPU.ActiveCfg = Release|Any CPU
		{D20E206D-AC2A-4C1C-A750-B675EB5B91BF}.Release|Any CPU.Build.0 = Release|Any CPU
	EndGlobalSection
	GlobalSection(SolutionProperties) = preSolution
		HideSolutionNode = FALSE
	EndGlobalSection
	GlobalSection(ExtensibilityGlobals) = postSolution
		SolutionGuid = {C8405BD4-A782-4268-B41C-68549E53BAF4}
	EndGlobalSection
EndGlobal
